// !$*UTF8*$!
{
	archiveVersion = 1;
	classes = {
	};
	objectVersion = 77;
	objects = {

/* Begin PBXBuildFile section */
		E2C1D75A2DD522CC00F76113 /* AppDelegate.swift in Sources */ = {isa = PBXBuildFile; fileRef = E2C1D7502DD522CC00F76113 /* AppDelegate.swift */; };
		E2C1D75D2DD522CC00F76113 /* Assets.xcassets in Resources */ = {isa = PBXBuildFile; fileRef = E2C1D7512DD522CC00F76113 /* Assets.xcassets */; };
		E2C1D75F2DD522CC00F76113 /* LaunchScreen.storyboard in Resources */ = {isa = PBXBuildFile; fileRef = E2C1D7542DD522CC00F76113 /* LaunchScreen.storyboard */; };
		E2C1D7882DD5232400F76113 /* AppCoordinator.swift in Sources */ = {isa = PBXBuildFile; fileRef = E2C1D7842DD5232400F76113 /* AppCoordinator.swift */; };
		E2C1D7892DD5232400F76113 /* Globals.swift in Sources */ = {isa = PBXBuildFile; fileRef = E2C1D76A2DD5232400F76113 /* Globals.swift */; };
		E2C1D78A2DD5232400F76113 /* CoreAssembly.swift in Sources */ = {isa = PBXBuildFile; fileRef = E2C1D7762DD5232400F76113 /* CoreAssembly.swift */; };
		E2C1D78F2DD5232400F76113 /* FeatureAssembly.swift in Sources */ = {isa = PBXBuildFile; fileRef = E2C1D7772DD5232400F76113 /* FeatureAssembly.swift */; };
		E2C1D7902DD5232400F76113 /* CoordinatorImpl.swift in Sources */ = {isa = PBXBuildFile; fileRef = E2C1D7652DD5232400F76113 /* CoordinatorImpl.swift */; };
		E2C1D7912DD5232400F76113 /* RESTClient.swift in Sources */ = {isa = PBXBuildFile; fileRef = E2C1D76B2DD5232400F76113 /* RESTClient.swift */; };
		E2C1D7932DD5232400F76113 /* RepositoryAssembly.swift in Sources */ = {isa = PBXBuildFile; fileRef = E2C1D7782DD5232400F76113 /* RepositoryAssembly.swift */; };
		E2C1D7962DD5232400F76113 /* BaseViewState.swift in Sources */ = {isa = PBXBuildFile; fileRef = E2C1D76D2DD5232400F76113 /* BaseViewState.swift */; };
		E2C1D7982DD5232400F76113 /* Coordinator.swift in Sources */ = {isa = PBXBuildFile; fileRef = E2C1D7642DD5232400F76113 /* Coordinator.swift */; };
		E2C1D79B2DD5232400F76113 /* AppDI.swift in Sources */ = {isa = PBXBuildFile; fileRef = E2C1D77E2DD5232400F76113 /* AppDI.swift */; };
		E2C1D79C2DD5232400F76113 /* BasicError.swift in Sources */ = {isa = PBXBuildFile; fileRef = E2C1D7692DD5232400F76113 /* BasicError.swift */; };
		E2C1D7CC2DD6262500F76113 /* Swinject in Frameworks */ = {isa = PBXBuildFile; productRef = E2C1D7CB2DD6262500F76113 /* Swinject */; };
		E2C1D7CF2DD6263000F76113 /* SwinjectAutoregistration in Frameworks */ = {isa = PBXBuildFile; productRef = E2C1D7CE2DD6263000F76113 /* SwinjectAutoregistration */; };
		E2C1D7D22DD6265400F76113 /* FTAPIKit in Frameworks */ = {isa = PBXBuildFile; productRef = E2C1D7D12DD6265400F76113 /* FTAPIKit */; };
		E2C1D7F72DD629BA00F76113 /* BaseServer.swift in Sources */ = {isa = PBXBuildFile; fileRef = E2C1D7EC2DD629BA00F76113 /* BaseServer.swift */; };
		E2C1D8052DD62BB400F76113 /* LaunchRepository.swift in Sources */ = {isa = PBXBuildFile; fileRef = E2C1D8042DD62BB400F76113 /* LaunchRepository.swift */; };
		E2C1D80B2DD62BD500F76113 /* EndpointGetLaunches.swift in Sources */ = {isa = PBXBuildFile; fileRef = E2C1D80A2DD62BD500F76113 /* EndpointGetLaunches.swift */; };
		E2C1D80D2DD62C3A00F76113 /* LaunchDTO.swift in Sources */ = {isa = PBXBuildFile; fileRef = E2C1D80C2DD62C3A00F76113 /* LaunchDTO.swift */; };
		E2C1D80F2DD62DFB00F76113 /* LaunchModel.swift in Sources */ = {isa = PBXBuildFile; fileRef = E2C1D80E2DD62DFB00F76113 /* LaunchModel.swift */; };
		E2C1D8162DD62F4800F76113 /* LaunchListCoordinator.swift in Sources */ = {isa = PBXBuildFile; fileRef = E2C1D8152DD62F4800F76113 /* LaunchListCoordinator.swift */; };
		E2C1D8182DD62F4C00F76113 /* LaunchListFactory.swift in Sources */ = {isa = PBXBuildFile; fileRef = E2C1D8172DD62F4C00F76113 /* LaunchListFactory.swift */; };
		E2C1D81A2DD62F4F00F76113 /* LaunchListViewModel.swift in Sources */ = {isa = PBXBuildFile; fileRef = E2C1D8192DD62F4F00F76113 /* LaunchListViewModel.swift */; };
		E2C1D81D2DD62F5300F76113 /* LaunchListViewController.swift in Sources */ = {isa = PBXBuildFile; fileRef = E2C1D81C2DD62F5300F76113 /* LaunchListViewController.swift */; };
		E2C1D81F2DD62FD900F76113 /* LaunchListFeature.swift in Sources */ = {isa = PBXBuildFile; fileRef = E2C1D81E2DD62FD900F76113 /* LaunchListFeature.swift */; };
		E2C1D8212DD6300000F76113 /* LaunchListCoordinatorImpl.swift in Sources */ = {isa = PBXBuildFile; fileRef = E2C1D8202DD6300000F76113 /* LaunchListCoordinatorImpl.swift */; };
		E2C1D8232DD6302800F76113 /* LaunchDetailCoordinator.swift in Sources */ = {isa = PBXBuildFile; fileRef = E2C1D8222DD6302800F76113 /* LaunchDetailCoordinator.swift */; };
		E2C1D8252DD6302B00F76113 /* LaunchDetailFactory.swift in Sources */ = {isa = PBXBuildFile; fileRef = E2C1D8242DD6302B00F76113 /* LaunchDetailFactory.swift */; };
		E2C1D8272DD6302F00F76113 /* LaunchDetailViewModel.swift in Sources */ = {isa = PBXBuildFile; fileRef = E2C1D8262DD6302F00F76113 /* LaunchDetailViewModel.swift */; };
		E2C1D82A2DD6303300F76113 /* LaunchDetailView.swift in Sources */ = {isa = PBXBuildFile; fileRef = E2C1D8292DD6303300F76113 /* LaunchDetailView.swift */; };
		E2C1D82C2DD6306C00F76113 /* LaunchDetailFeature.swift in Sources */ = {isa = PBXBuildFile; fileRef = E2C1D82B2DD6306C00F76113 /* LaunchDetailFeature.swift */; };
		E2C1D82E2DD6307500F76113 /* LaunchDetailCoordinatorImpl.swift in Sources */ = {isa = PBXBuildFile; fileRef = E2C1D82D2DD6307500F76113 /* LaunchDetailCoordinatorImpl.swift */; };
		E2C1D8312DD6588E00F76113 /* ErrorView.swift in Sources */ = {isa = PBXBuildFile; fileRef = E2C1D8302DD6588E00F76113 /* ErrorView.swift */; };
		E2C1D8332DD65D2100F76113 /* LaunchListViewController+TableViewDelegate.swift in Sources */ = {isa = PBXBuildFile; fileRef = E2C1D8322DD65D2100F76113 /* LaunchListViewController+TableViewDelegate.swift */; };
		E2C1D8352DD65D4800F76113 /* LaunchListViewController+SearchBarDelegate.swift in Sources */ = {isa = PBXBuildFile; fileRef = E2C1D8342DD65D4800F76113 /* LaunchListViewController+SearchBarDelegate.swift */; };
/* End PBXBuildFile section */

/* Begin PBXFileReference section */
		E2C1D7382DD522BD00F76113 /* SpaceX.app */ = {isa = PBXFileReference; explicitFileType = wrapper.application; includeInIndex = 0; path = SpaceX.app; sourceTree = BUILT_PRODUCTS_DIR; };
		E2C1D7502DD522CC00F76113 /* AppDelegate.swift */ = {isa = PBXFileReference; lastKnownFileType = sourcecode.swift; path = AppDelegate.swift; sourceTree = "<group>"; };
		E2C1D7512DD522CC00F76113 /* Assets.xcassets */ = {isa = PBXFileReference; lastKnownFileType = folder.assetcatalog; path = Assets.xcassets; sourceTree = "<group>"; };
		E2C1D7522DD522CC00F76113 /* Info.plist */ = {isa = PBXFileReference; lastKnownFileType = text.plist.xml; path = Info.plist; sourceTree = "<group>"; };
		E2C1D7532DD522CC00F76113 /* Base */ = {isa = PBXFileReference; lastKnownFileType = file.storyboard; name = Base; path = Base.lproj/LaunchScreen.storyboard; sourceTree = "<group>"; };
		E2C1D7642DD5232400F76113 /* Coordinator.swift */ = {isa = PBXFileReference; lastKnownFileType = sourcecode.swift; path = Coordinator.swift; sourceTree = "<group>"; };
		E2C1D7652DD5232400F76113 /* CoordinatorImpl.swift */ = {isa = PBXFileReference; lastKnownFileType = sourcecode.swift; path = CoordinatorImpl.swift; sourceTree = "<group>"; };
		E2C1D7692DD5232400F76113 /* BasicError.swift */ = {isa = PBXFileReference; lastKnownFileType = sourcecode.swift; path = BasicError.swift; sourceTree = "<group>"; };
		E2C1D76A2DD5232400F76113 /* Globals.swift */ = {isa = PBXFileReference; lastKnownFileType = sourcecode.swift; path = Globals.swift; sourceTree = "<group>"; };
		E2C1D76B2DD5232400F76113 /* RESTClient.swift */ = {isa = PBXFileReference; lastKnownFileType = sourcecode.swift; path = RESTClient.swift; sourceTree = "<group>"; };
		E2C1D76D2DD5232400F76113 /* BaseViewState.swift */ = {isa = PBXFileReference; lastKnownFileType = sourcecode.swift; path = BaseViewState.swift; sourceTree = "<group>"; };
		E2C1D7762DD5232400F76113 /* CoreAssembly.swift */ = {isa = PBXFileReference; lastKnownFileType = sourcecode.swift; path = CoreAssembly.swift; sourceTree = "<group>"; };
		E2C1D7772DD5232400F76113 /* FeatureAssembly.swift */ = {isa = PBXFileReference; lastKnownFileType = sourcecode.swift; path = FeatureAssembly.swift; sourceTree = "<group>"; };
		E2C1D7782DD5232400F76113 /* RepositoryAssembly.swift */ = {isa = PBXFileReference; lastKnownFileType = sourcecode.swift; path = RepositoryAssembly.swift; sourceTree = "<group>"; };
		E2C1D77E2DD5232400F76113 /* AppDI.swift */ = {isa = PBXFileReference; lastKnownFileType = sourcecode.swift; path = AppDI.swift; sourceTree = "<group>"; };
		E2C1D7842DD5232400F76113 /* AppCoordinator.swift */ = {isa = PBXFileReference; lastKnownFileType = sourcecode.swift; path = AppCoordinator.swift; sourceTree = "<group>"; };
		E2C1D7EC2DD629BA00F76113 /* BaseServer.swift */ = {isa = PBXFileReference; lastKnownFileType = sourcecode.swift; path = BaseServer.swift; sourceTree = "<group>"; };
		E2C1D8042DD62BB400F76113 /* LaunchRepository.swift */ = {isa = PBXFileReference; lastKnownFileType = sourcecode.swift; path = LaunchRepository.swift; sourceTree = "<group>"; };
		E2C1D80A2DD62BD500F76113 /* EndpointGetLaunches.swift */ = {isa = PBXFileReference; lastKnownFileType = sourcecode.swift; path = EndpointGetLaunches.swift; sourceTree = "<group>"; };
		E2C1D80C2DD62C3A00F76113 /* LaunchDTO.swift */ = {isa = PBXFileReference; lastKnownFileType = sourcecode.swift; path = LaunchDTO.swift; sourceTree = "<group>"; };
		E2C1D80E2DD62DFB00F76113 /* LaunchModel.swift */ = {isa = PBXFileReference; lastKnownFileType = sourcecode.swift; path = LaunchModel.swift; sourceTree = "<group>"; };
		E2C1D8152DD62F4800F76113 /* LaunchListCoordinator.swift */ = {isa = PBXFileReference; lastKnownFileType = sourcecode.swift; path = LaunchListCoordinator.swift; sourceTree = "<group>"; };
		E2C1D8172DD62F4C00F76113 /* LaunchListFactory.swift */ = {isa = PBXFileReference; lastKnownFileType = sourcecode.swift; path = LaunchListFactory.swift; sourceTree = "<group>"; };
		E2C1D8192DD62F4F00F76113 /* LaunchListViewModel.swift */ = {isa = PBXFileReference; lastKnownFileType = sourcecode.swift; path = LaunchListViewModel.swift; sourceTree = "<group>"; };
		E2C1D81C2DD62F5300F76113 /* LaunchListViewController.swift */ = {isa = PBXFileReference; lastKnownFileType = sourcecode.swift; path = LaunchListViewController.swift; sourceTree = "<group>"; };
		E2C1D81E2DD62FD900F76113 /* LaunchListFeature.swift */ = {isa = PBXFileReference; lastKnownFileType = sourcecode.swift; path = LaunchListFeature.swift; sourceTree = "<group>"; };
		E2C1D8202DD6300000F76113 /* LaunchListCoordinatorImpl.swift */ = {isa = PBXFileReference; lastKnownFileType = sourcecode.swift; path = LaunchListCoordinatorImpl.swift; sourceTree = "<group>"; };
		E2C1D8222DD6302800F76113 /* LaunchDetailCoordinator.swift */ = {isa = PBXFileReference; lastKnownFileType = sourcecode.swift; path = LaunchDetailCoordinator.swift; sourceTree = "<group>"; };
		E2C1D8242DD6302B00F76113 /* LaunchDetailFactory.swift */ = {isa = PBXFileReference; lastKnownFileType = sourcecode.swift; path = LaunchDetailFactory.swift; sourceTree = "<group>"; };
		E2C1D8262DD6302F00F76113 /* LaunchDetailViewModel.swift */ = {isa = PBXFileReference; lastKnownFileType = sourcecode.swift; path = LaunchDetailViewModel.swift; sourceTree = "<group>"; };
		E2C1D8292DD6303300F76113 /* LaunchDetailView.swift */ = {isa = PBXFileReference; lastKnownFileType = sourcecode.swift; path = LaunchDetailView.swift; sourceTree = "<group>"; };
		E2C1D82B2DD6306C00F76113 /* LaunchDetailFeature.swift */ = {isa = PBXFileReference; lastKnownFileType = sourcecode.swift; path = LaunchDetailFeature.swift; sourceTree = "<group>"; };
		E2C1D82D2DD6307500F76113 /* LaunchDetailCoordinatorImpl.swift */ = {isa = PBXFileReference; lastKnownFileType = sourcecode.swift; path = LaunchDetailCoordinatorImpl.swift; sourceTree = "<group>"; };
		E2C1D8302DD6588E00F76113 /* ErrorView.swift */ = {isa = PBXFileReference; lastKnownFileType = sourcecode.swift; path = ErrorView.swift; sourceTree = "<group>"; };
		E2C1D8322DD65D2100F76113 /* LaunchListViewController+TableViewDelegate.swift */ = {isa = PBXFileReference; lastKnownFileType = sourcecode.swift; path = "LaunchListViewController+TableViewDelegate.swift"; sourceTree = "<group>"; };
		E2C1D8342DD65D4800F76113 /* LaunchListViewController+SearchBarDelegate.swift */ = {isa = PBXFileReference; lastKnownFileType = sourcecode.swift; path = "LaunchListViewController+SearchBarDelegate.swift"; sourceTree = "<group>"; };
/* End PBXFileReference section */

/* Begin PBXFrameworksBuildPhase section */
		E2C1D7352DD522BD00F76113 /* Frameworks */ = {
			isa = PBXFrameworksBuildPhase;
			buildActionMask = 2147483647;
			files = (
				E2C1D7CC2DD6262500F76113 /* Swinject in Frameworks */,
				E2C1D7D22DD6265400F76113 /* FTAPIKit in Frameworks */,
				E2C1D7CF2DD6263000F76113 /* SwinjectAutoregistration in Frameworks */,
			);
			runOnlyForDeploymentPostprocessing = 0;
		};
/* End PBXFrameworksBuildPhase section */

/* Begin PBXGroup section */
		E2C1D72F2DD522BD00F76113 = {
			isa = PBXGroup;
			children = (
				E2C1D7592DD522CC00F76113 /* SpaceX */,
				E2C1D7392DD522BD00F76113 /* Products */,
			);
			sourceTree = "<group>";
		};
		E2C1D7392DD522BD00F76113 /* Products */ = {
			isa = PBXGroup;
			children = (
				E2C1D7382DD522BD00F76113 /* SpaceX.app */,
			);
			name = Products;
			sourceTree = "<group>";
		};
		E2C1D7592DD522CC00F76113 /* SpaceX */ = {
			isa = PBXGroup;
			children = (
				E2C1D8102DD62F0300F76113 /* Presentation */,
				E2C1D7F02DD629BA00F76113 /* Data */,
				E2C1D7752DD5232400F76113 /* Core */,
				E2C1D77F2DD5232400F76113 /* DI */,
				E2C1D7852DD5232400F76113 /* Navigation */,
				E2C1D7502DD522CC00F76113 /* AppDelegate.swift */,
				E2C1D7512DD522CC00F76113 /* Assets.xcassets */,
				E2C1D7522DD522CC00F76113 /* Info.plist */,
				E2C1D7542DD522CC00F76113 /* LaunchScreen.storyboard */,
			);
			path = SpaceX;
			sourceTree = "<group>";
		};
		E2C1D7662DD5232400F76113 /* Coordinator */ = {
			isa = PBXGroup;
			children = (
				E2C1D7642DD5232400F76113 /* Coordinator.swift */,
				E2C1D7652DD5232400F76113 /* CoordinatorImpl.swift */,
			);
			path = Coordinator;
			sourceTree = "<group>";
		};
		E2C1D76C2DD5232400F76113 /* Network */ = {
			isa = PBXGroup;
			children = (
				E2C1D7692DD5232400F76113 /* BasicError.swift */,
				E2C1D76A2DD5232400F76113 /* Globals.swift */,
				E2C1D76B2DD5232400F76113 /* RESTClient.swift */,
			);
			path = Network;
			sourceTree = "<group>";
		};
		E2C1D76E2DD5232400F76113 /* State */ = {
			isa = PBXGroup;
			children = (
				E2C1D76D2DD5232400F76113 /* BaseViewState.swift */,
			);
			path = State;
			sourceTree = "<group>";
		};
		E2C1D7742DD5232400F76113 /* UI */ = {
			isa = PBXGroup;
			children = (
				E2C1D82F2DD6588800F76113 /* UIKit */,
				E2C1D76E2DD5232400F76113 /* State */,
			);
			path = UI;
			sourceTree = "<group>";
		};
		E2C1D7752DD5232400F76113 /* Core */ = {
			isa = PBXGroup;
			children = (
				E2C1D7662DD5232400F76113 /* Coordinator */,
				E2C1D76C2DD5232400F76113 /* Network */,
				E2C1D7742DD5232400F76113 /* UI */,
			);
			path = Core;
			sourceTree = "<group>";
		};
		E2C1D7792DD5232400F76113 /* Base */ = {
			isa = PBXGroup;
			children = (
				E2C1D7762DD5232400F76113 /* CoreAssembly.swift */,
				E2C1D7772DD5232400F76113 /* FeatureAssembly.swift */,
				E2C1D7782DD5232400F76113 /* RepositoryAssembly.swift */,
			);
			path = Base;
			sourceTree = "<group>";
		};
		E2C1D77D2DD5232400F76113 /* Features */ = {
			isa = PBXGroup;
			children = (
				E2C1D81E2DD62FD900F76113 /* LaunchListFeature.swift */,
				E2C1D82B2DD6306C00F76113 /* LaunchDetailFeature.swift */,
			);
			path = Features;
			sourceTree = "<group>";
		};
		E2C1D77F2DD5232400F76113 /* DI */ = {
			isa = PBXGroup;
			children = (
				E2C1D7792DD5232400F76113 /* Base */,
				E2C1D77D2DD5232400F76113 /* Features */,
				E2C1D77E2DD5232400F76113 /* AppDI.swift */,
			);
			path = DI;
			sourceTree = "<group>";
		};
		E2C1D7832DD5232400F76113 /* Features */ = {
			isa = PBXGroup;
			children = (
				E2C1D8202DD6300000F76113 /* LaunchListCoordinatorImpl.swift */,
				E2C1D82D2DD6307500F76113 /* LaunchDetailCoordinatorImpl.swift */,
			);
			path = Features;
			sourceTree = "<group>";
		};
		E2C1D7852DD5232400F76113 /* Navigation */ = {
			isa = PBXGroup;
			children = (
				E2C1D7832DD5232400F76113 /* Features */,
				E2C1D7842DD5232400F76113 /* AppCoordinator.swift */,
			);
			path = Navigation;
			sourceTree = "<group>";
		};
		E2C1D7EA2DD629BA00F76113 /* Repository */ = {
			isa = PBXGroup;
			children = (
				E2C1D8032DD62B7A00F76113 /* Launch */,
			);
			path = Repository;
			sourceTree = "<group>";
		};
		E2C1D7ED2DD629BA00F76113 /* Server */ = {
			isa = PBXGroup;
			children = (
				E2C1D7EC2DD629BA00F76113 /* BaseServer.swift */,
			);
			path = Server;
			sourceTree = "<group>";
		};
		E2C1D7F02DD629BA00F76113 /* Data */ = {
			isa = PBXGroup;
			children = (
				E2C1D7EA2DD629BA00F76113 /* Repository */,
				E2C1D7ED2DD629BA00F76113 /* Server */,
			);
			path = Data;
			sourceTree = "<group>";
		};
		E2C1D8032DD62B7A00F76113 /* Launch */ = {
			isa = PBXGroup;
			children = (
				E2C1D8092DD62BC800F76113 /* Endpoint */,
				E2C1D8082DD62BC600F76113 /* Model */,
				E2C1D8072DD62BC300F76113 /* DTO */,
				E2C1D8042DD62BB400F76113 /* LaunchRepository.swift */,
			);
			path = Launch;
			sourceTree = "<group>";
		};
		E2C1D8072DD62BC300F76113 /* DTO */ = {
			isa = PBXGroup;
			children = (
				E2C1D80C2DD62C3A00F76113 /* LaunchDTO.swift */,
			);
			path = DTO;
			sourceTree = "<group>";
		};
		E2C1D8082DD62BC600F76113 /* Model */ = {
			isa = PBXGroup;
			children = (
				E2C1D80E2DD62DFB00F76113 /* LaunchModel.swift */,
			);
			path = Model;
			sourceTree = "<group>";
		};
		E2C1D8092DD62BC800F76113 /* Endpoint */ = {
			isa = PBXGroup;
			children = (
				E2C1D80A2DD62BD500F76113 /* EndpointGetLaunches.swift */,
			);
			path = Endpoint;
			sourceTree = "<group>";
		};
		E2C1D8102DD62F0300F76113 /* Presentation */ = {
			isa = PBXGroup;
			children = (
				E2C1D8142DD62F3E00F76113 /* LaunchDetail */,
				E2C1D8132DD62F3A00F76113 /* LaunchList */,
			);
			path = Presentation;
			sourceTree = "<group>";
		};
		E2C1D8132DD62F3A00F76113 /* LaunchList */ = {
			isa = PBXGroup;
			children = (
				E2C1D8152DD62F4800F76113 /* LaunchListCoordinator.swift */,
				E2C1D8172DD62F4C00F76113 /* LaunchListFactory.swift */,
				E2C1D8192DD62F4F00F76113 /* LaunchListViewModel.swift */,
				E2C1D81B2DD62F5000F76113 /* View */,
			);
			path = LaunchList;
			sourceTree = "<group>";
		};
		E2C1D8142DD62F3E00F76113 /* LaunchDetail */ = {
			isa = PBXGroup;
			children = (
				E2C1D8222DD6302800F76113 /* LaunchDetailCoordinator.swift */,
				E2C1D8242DD6302B00F76113 /* LaunchDetailFactory.swift */,
				E2C1D8262DD6302F00F76113 /* LaunchDetailViewModel.swift */,
				E2C1D8282DD6302F00F76113 /* View */,
			);
			path = LaunchDetail;
			sourceTree = "<group>";
		};
		E2C1D81B2DD62F5000F76113 /* View */ = {
			isa = PBXGroup;
			children = (
				E2C1D81C2DD62F5300F76113 /* LaunchListViewController.swift */,
				E2C1D8322DD65D2100F76113 /* LaunchListViewController+TableViewDelegate.swift */,
				E2C1D8342DD65D4800F76113 /* LaunchListViewController+SearchBarDelegate.swift */,
			);
			path = View;
			sourceTree = "<group>";
		};
		E2C1D8282DD6302F00F76113 /* View */ = {
			isa = PBXGroup;
			children = (
				E2C1D8292DD6303300F76113 /* LaunchDetailView.swift */,
			);
			path = View;
			sourceTree = "<group>";
		};
		E2C1D82F2DD6588800F76113 /* UIKit */ = {
			isa = PBXGroup;
			children = (
				E2C1D8302DD6588E00F76113 /* ErrorView.swift */,
			);
			path = UIKit;
			sourceTree = "<group>";
		};
/* End PBXGroup section */

/* Begin PBXNativeTarget section */
		E2C1D7372DD522BD00F76113 /* SpaceX */ = {
			isa = PBXNativeTarget;
			buildConfigurationList = E2C1D74B2DD522BE00F76113 /* Build configuration list for PBXNativeTarget "SpaceX" */;
			buildPhases = (
				E2C1D7342DD522BD00F76113 /* Sources */,
				E2C1D7352DD522BD00F76113 /* Frameworks */,
				E2C1D7362DD522BD00F76113 /* Resources */,
			);
			buildRules = (
			);
			dependencies = (
			);
			name = SpaceX;
			packageProductDependencies = (
				E2C1D7CB2DD6262500F76113 /* Swinject */,
				E2C1D7CE2DD6263000F76113 /* SwinjectAutoregistration */,
				E2C1D7D12DD6265400F76113 /* FTAPIKit */,
			);
			productName = SpaceX;
			productReference = E2C1D7382DD522BD00F76113 /* SpaceX.app */;
			productType = "com.apple.product-type.application";
		};
/* End PBXNativeTarget section */

/* Begin PBXProject section */
		E2C1D7302DD522BD00F76113 /* Project object */ = {
			isa = PBXProject;
			attributes = {
				BuildIndependentTargetsInParallel = 1;
				LastSwiftUpdateCheck = 1600;
				LastUpgradeCheck = 1600;
				TargetAttributes = {
					E2C1D7372DD522BD00F76113 = {
						CreatedOnToolsVersion = 16.0;
					};
				};
			};
			buildConfigurationList = E2C1D7332DD522BD00F76113 /* Build configuration list for PBXProject "SpaceX" */;
			developmentRegion = en;
			hasScannedForEncodings = 0;
			knownRegions = (
				en,
				Base,
			);
			mainGroup = E2C1D72F2DD522BD00F76113;
			minimizedProjectReferenceProxies = 1;
			packageReferences = (
				E2C1D7CA2DD6262500F76113 /* XCRemoteSwiftPackageReference "Swinject" */,
				E2C1D7CD2DD6263000F76113 /* XCRemoteSwiftPackageReference "SwinjectAutoregistration" */,
				E2C1D7D02DD6265400F76113 /* XCRemoteSwiftPackageReference "FTAPIKit" */,
			);
			preferredProjectObjectVersion = 77;
			productRefGroup = E2C1D7392DD522BD00F76113 /* Products */;
			projectDirPath = "";
			projectRoot = "";
			targets = (
				E2C1D7372DD522BD00F76113 /* SpaceX */,
			);
		};
/* End PBXProject section */

/* Begin PBXResourcesBuildPhase section */
		E2C1D7362DD522BD00F76113 /* Resources */ = {
			isa = PBXResourcesBuildPhase;
			buildActionMask = 2147483647;
			files = (
				E2C1D75D2DD522CC00F76113 /* Assets.xcassets in Resources */,
				E2C1D75F2DD522CC00F76113 /* LaunchScreen.storyboard in Resources */,
			);
			runOnlyForDeploymentPostprocessing = 0;
		};
/* End PBXResourcesBuildPhase section */

/* Begin PBXSourcesBuildPhase section */
		E2C1D7342DD522BD00F76113 /* Sources */ = {
			isa = PBXSourcesBuildPhase;
			buildActionMask = 2147483647;
			files = (
				E2C1D8272DD6302F00F76113 /* LaunchDetailViewModel.swift in Sources */,
				E2C1D75A2DD522CC00F76113 /* AppDelegate.swift in Sources */,
				E2C1D7882DD5232400F76113 /* AppCoordinator.swift in Sources */,
				E2C1D8232DD6302800F76113 /* LaunchDetailCoordinator.swift in Sources */,
				E2C1D7892DD5232400F76113 /* Globals.swift in Sources */,
				E2C1D81A2DD62F4F00F76113 /* LaunchListViewModel.swift in Sources */,
				E2C1D78A2DD5232400F76113 /* CoreAssembly.swift in Sources */,
				E2C1D78F2DD5232400F76113 /* FeatureAssembly.swift in Sources */,
				E2C1D81D2DD62F5300F76113 /* LaunchListViewController.swift in Sources */,
				E2C1D8252DD6302B00F76113 /* LaunchDetailFactory.swift in Sources */,
				E2C1D7902DD5232400F76113 /* CoordinatorImpl.swift in Sources */,
				E2C1D7912DD5232400F76113 /* RESTClient.swift in Sources */,
				E2C1D82A2DD6303300F76113 /* LaunchDetailView.swift in Sources */,
				E2C1D7932DD5232400F76113 /* RepositoryAssembly.swift in Sources */,
				E2C1D7962DD5232400F76113 /* BaseViewState.swift in Sources */,
				E2C1D7982DD5232400F76113 /* Coordinator.swift in Sources */,
				E2C1D79B2DD5232400F76113 /* AppDI.swift in Sources */,
				E2C1D8162DD62F4800F76113 /* LaunchListCoordinator.swift in Sources */,
				E2C1D8352DD65D4800F76113 /* LaunchListViewController+SearchBarDelegate.swift in Sources */,
				E2C1D80B2DD62BD500F76113 /* EndpointGetLaunches.swift in Sources */,
				E2C1D7F72DD629BA00F76113 /* BaseServer.swift in Sources */,
				E2C1D8052DD62BB400F76113 /* LaunchRepository.swift in Sources */,
				E2C1D82E2DD6307500F76113 /* LaunchDetailCoordinatorImpl.swift in Sources */,
				E2C1D8332DD65D2100F76113 /* LaunchListViewController+TableViewDelegate.swift in Sources */,
				E2C1D8182DD62F4C00F76113 /* LaunchListFactory.swift in Sources */,
				E2C1D80F2DD62DFB00F76113 /* LaunchModel.swift in Sources */,
				E2C1D79C2DD5232400F76113 /* BasicError.swift in Sources */,
				E2C1D8312DD6588E00F76113 /* ErrorView.swift in Sources */,
				E2C1D80D2DD62C3A00F76113 /* LaunchDTO.swift in Sources */,
				E2C1D8212DD6300000F76113 /* LaunchListCoordinatorImpl.swift in Sources */,
				E2C1D82C2DD6306C00F76113 /* LaunchDetailFeature.swift in Sources */,
				E2C1D81F2DD62FD900F76113 /* LaunchListFeature.swift in Sources */,
			);
			runOnlyForDeploymentPostprocessing = 0;
		};
/* End PBXSourcesBuildPhase section */

/* Begin PBXVariantGroup section */
		E2C1D7542DD522CC00F76113 /* LaunchScreen.storyboard */ = {
			isa = PBXVariantGroup;
			children = (
				E2C1D7532DD522CC00F76113 /* Base */,
			);
			name = LaunchScreen.storyboard;
			sourceTree = "<group>";
		};
/* End PBXVariantGroup section */

/* Begin XCBuildConfiguration section */
		E2C1D74C2DD522BE00F76113 /* Debug */ = {
			isa = XCBuildConfiguration;
			buildSettings = {
				ASSETCATALOG_COMPILER_APPICON_NAME = AppIcon;
				ASSETCATALOG_COMPILER_GLOBAL_ACCENT_COLOR_NAME = AccentColor;
				CODE_SIGN_STYLE = Automatic;
				CURRENT_PROJECT_VERSION = 1;
				DEVELOPMENT_TEAM = 9564C58XRS;
				GENERATE_INFOPLIST_FILE = YES;
				INFOPLIST_FILE = SpaceX/Info.plist;
				INFOPLIST_KEY_UIApplicationSupportsIndirectInputEvents = YES;
				INFOPLIST_KEY_UILaunchStoryboardName = LaunchScreen;
				INFOPLIST_KEY_UIMainStoryboardFile = "";
				INFOPLIST_KEY_UISupportedInterfaceOrientations_iPad = "UIInterfaceOrientationPortrait UIInterfaceOrientationPortraitUpsideDown UIInterfaceOrientationLandscapeLeft UIInterfaceOrientationLandscapeRight";
				INFOPLIST_KEY_UISupportedInterfaceOrientations_iPhone = "UIInterfaceOrientationPortrait UIInterfaceOrientationLandscapeLeft UIInterfaceOrientationLandscapeRight";
				IPHONEOS_DEPLOYMENT_TARGET = 18.0;
				LD_RUNPATH_SEARCH_PATHS = (
					"$(inherited)",
					"@executable_path/Frameworks",
				);
				MARKETING_VERSION = 1.0;
				PRODUCT_BUNDLE_IDENTIFIER = com.xlatyn.SpaceX;
				PRODUCT_NAME = "$(TARGET_NAME)";
				SUPPORTED_PLATFORMS = "iphoneos iphonesimulator";
				SUPPORTS_MACCATALYST = NO;
				SUPPORTS_MAC_DESIGNED_FOR_IPHONE_IPAD = NO;
				SUPPORTS_XR_DESIGNED_FOR_IPHONE_IPAD = NO;
				SWIFT_EMIT_LOC_STRINGS = YES;
				SWIFT_VERSION = 5.0;
				TARGETED_DEVICE_FAMILY = 1;
			};
			name = Debug;
		};
		E2C1D74D2DD522BE00F76113 /* Release */ = {
			isa = XCBuildConfiguration;
			buildSettings = {
				ASSETCATALOG_COMPILER_APPICON_NAME = AppIcon;
				ASSETCATALOG_COMPILER_GLOBAL_ACCENT_COLOR_NAME = AccentColor;
				CODE_SIGN_STYLE = Automatic;
				CURRENT_PROJECT_VERSION = 1;
				DEVELOPMENT_TEAM = 9564C58XRS;
				GENERATE_INFOPLIST_FILE = YES;
				INFOPLIST_FILE = SpaceX/Info.plist;
				INFOPLIST_KEY_UIApplicationSupportsIndirectInputEvents = YES;
				INFOPLIST_KEY_UILaunchStoryboardName = LaunchScreen;
				INFOPLIST_KEY_UIMainStoryboardFile = "";
				INFOPLIST_KEY_UISupportedInterfaceOrientations_iPad = "UIInterfaceOrientationPortrait UIInterfaceOrientationPortraitUpsideDown UIInterfaceOrientationLandscapeLeft UIInterfaceOrientationLandscapeRight";
				INFOPLIST_KEY_UISupportedInterfaceOrientations_iPhone = "UIInterfaceOrientationPortrait UIInterfaceOrientationLandscapeLeft UIInterfaceOrientationLandscapeRight";
				IPHONEOS_DEPLOYMENT_TARGET = 18.0;
				LD_RUNPATH_SEARCH_PATHS = (
					"$(inherited)",
					"@executable_path/Frameworks",
				);
				MARKETING_VERSION = 1.0;
				PRODUCT_BUNDLE_IDENTIFIER = com.xlatyn.SpaceX;
				PRODUCT_NAME = "$(TARGET_NAME)";
				SUPPORTED_PLATFORMS = "iphoneos iphonesimulator";
				SUPPORTS_MACCATALYST = NO;
				SUPPORTS_MAC_DESIGNED_FOR_IPHONE_IPAD = NO;
				SUPPORTS_XR_DESIGNED_FOR_IPHONE_IPAD = NO;
				SWIFT_EMIT_LOC_STRINGS = YES;
				SWIFT_VERSION = 5.0;
				TARGETED_DEVICE_FAMILY = 1;
			};
			name = Release;
		};
		E2C1D74E2DD522BE00F76113 /* Debug */ = {
			isa = XCBuildConfiguration;
			buildSettings = {
				ALWAYS_SEARCH_USER_PATHS = NO;
				ASSETCATALOG_COMPILER_GENERATE_SWIFT_ASSET_SYMBOL_EXTENSIONS = YES;
				CLANG_ANALYZER_NONNULL = YES;
				CLANG_ANALYZER_NUMBER_OBJECT_CONVERSION = YES_AGGRESSIVE;
				CLANG_CXX_LANGUAGE_STANDARD = "gnu++20";
				CLANG_ENABLE_MODULES = YES;
				CLANG_ENABLE_OBJC_ARC = YES;
				CLANG_ENABLE_OBJC_WEAK = YES;
				CLANG_WARN_BLOCK_CAPTURE_AUTORELEASING = YES;
				CLANG_WARN_BOOL_CONVERSION = YES;
				CLANG_WARN_COMMA = YES;
				CLANG_WARN_CONSTANT_CONVERSION = YES;
				CLANG_WARN_DEPRECATED_OBJC_IMPLEMENTATIONS = YES;
				CLANG_WARN_DIRECT_OBJC_ISA_USAGE = YES_ERROR;
				CLANG_WARN_DOCUMENTATION_COMMENTS = YES;
				CLANG_WARN_EMPTY_BODY = YES;
				CLANG_WARN_ENUM_CONVERSION = YES;
				CLANG_WARN_INFINITE_RECURSION = YES;
				CLANG_WARN_INT_CONVERSION = YES;
				CLANG_WARN_NON_LITERAL_NULL_CONVERSION = YES;
				CLANG_WARN_OBJC_IMPLICIT_RETAIN_SELF = YES;
				CLANG_WARN_OBJC_LITERAL_CONVERSION = YES;
				CLANG_WARN_OBJC_ROOT_CLASS = YES_ERROR;
				CLANG_WARN_QUOTED_INCLUDE_IN_FRAMEWORK_HEADER = YES;
				CLANG_WARN_RANGE_LOOP_ANALYSIS = YES;
				CLANG_WARN_STRICT_PROTOTYPES = YES;
				CLANG_WARN_SUSPICIOUS_MOVE = YES;
				CLANG_WARN_UNGUARDED_AVAILABILITY = YES_AGGRESSIVE;
				CLANG_WARN_UNREACHABLE_CODE = YES;
				CLANG_WARN__DUPLICATE_METHOD_MATCH = YES;
				COPY_PHASE_STRIP = NO;
				DEBUG_INFORMATION_FORMAT = dwarf;
				ENABLE_STRICT_OBJC_MSGSEND = YES;
				ENABLE_TESTABILITY = YES;
				ENABLE_USER_SCRIPT_SANDBOXING = YES;
				GCC_C_LANGUAGE_STANDARD = gnu17;
				GCC_DYNAMIC_NO_PIC = NO;
				GCC_NO_COMMON_BLOCKS = YES;
				GCC_OPTIMIZATION_LEVEL = 0;
				GCC_PREPROCESSOR_DEFINITIONS = (
					"DEBUG=1",
					"$(inherited)",
				);
				GCC_WARN_64_TO_32_BIT_CONVERSION = YES;
				GCC_WARN_ABOUT_RETURN_TYPE = YES_ERROR;
				GCC_WARN_UNDECLARED_SELECTOR = YES;
				GCC_WARN_UNINITIALIZED_AUTOS = YES_AGGRESSIVE;
				GCC_WARN_UNUSED_FUNCTION = YES;
				GCC_WARN_UNUSED_VARIABLE = YES;
				IPHONEOS_DEPLOYMENT_TARGET = 18.0;
				LOCALIZATION_PREFERS_STRING_CATALOGS = YES;
				MTL_ENABLE_DEBUG_INFO = INCLUDE_SOURCE;
				MTL_FAST_MATH = YES;
				ONLY_ACTIVE_ARCH = YES;
				SDKROOT = iphoneos;
				SWIFT_ACTIVE_COMPILATION_CONDITIONS = "DEBUG $(inherited)";
				SWIFT_OPTIMIZATION_LEVEL = "-Onone";
			};
			name = Debug;
		};
		E2C1D74F2DD522BE00F76113 /* Release */ = {
			isa = XCBuildConfiguration;
			buildSettings = {
				ALWAYS_SEARCH_USER_PATHS = NO;
				ASSETCATALOG_COMPILER_GENERATE_SWIFT_ASSET_SYMBOL_EXTENSIONS = YES;
				CLANG_ANALYZER_NONNULL = YES;
				CLANG_ANALYZER_NUMBER_OBJECT_CONVERSION = YES_AGGRESSIVE;
				CLANG_CXX_LANGUAGE_STANDARD = "gnu++20";
				CLANG_ENABLE_MODULES = YES;
				CLANG_ENABLE_OBJC_ARC = YES;
				CLANG_ENABLE_OBJC_WEAK = YES;
				CLANG_WARN_BLOCK_CAPTURE_AUTORELEASING = YES;
				CLANG_WARN_BOOL_CONVERSION = YES;
				CLANG_WARN_COMMA = YES;
				CLANG_WARN_CONSTANT_CONVERSION = YES;
				CLANG_WARN_DEPRECATED_OBJC_IMPLEMENTATIONS = YES;
				CLANG_WARN_DIRECT_OBJC_ISA_USAGE = YES_ERROR;
				CLANG_WARN_DOCUMENTATION_COMMENTS = YES;
				CLANG_WARN_EMPTY_BODY = YES;
				CLANG_WARN_ENUM_CONVERSION = YES;
				CLANG_WARN_INFINITE_RECURSION = YES;
				CLANG_WARN_INT_CONVERSION = YES;
				CLANG_WARN_NON_LITERAL_NULL_CONVERSION = YES;
				CLANG_WARN_OBJC_IMPLICIT_RETAIN_SELF = YES;
				CLANG_WARN_OBJC_LITERAL_CONVERSION = YES;
				CLANG_WARN_OBJC_ROOT_CLASS = YES_ERROR;
				CLANG_WARN_QUOTED_INCLUDE_IN_FRAMEWORK_HEADER = YES;
				CLANG_WARN_RANGE_LOOP_ANALYSIS = YES;
				CLANG_WARN_STRICT_PROTOTYPES = YES;
				CLANG_WARN_SUSPICIOUS_MOVE = YES;
				CLANG_WARN_UNGUARDED_AVAILABILITY = YES_AGGRESSIVE;
				CLANG_WARN_UNREACHABLE_CODE = YES;
				CLANG_WARN__DUPLICATE_METHOD_MATCH = YES;
				COPY_PHASE_STRIP = NO;
				DEBUG_INFORMATION_FORMAT = "dwarf-with-dsym";
				ENABLE_NS_ASSERTIONS = NO;
				ENABLE_STRICT_OBJC_MSGSEND = YES;
				ENABLE_USER_SCRIPT_SANDBOXING = YES;
				GCC_C_LANGUAGE_STANDARD = gnu17;
				GCC_NO_COMMON_BLOCKS = YES;
				GCC_WARN_64_TO_32_BIT_CONVERSION = YES;
				GCC_WARN_ABOUT_RETURN_TYPE = YES_ERROR;
				GCC_WARN_UNDECLARED_SELECTOR = YES;
				GCC_WARN_UNINITIALIZED_AUTOS = YES_AGGRESSIVE;
				GCC_WARN_UNUSED_FUNCTION = YES;
				GCC_WARN_UNUSED_VARIABLE = YES;
				IPHONEOS_DEPLOYMENT_TARGET = 18.0;
				LOCALIZATION_PREFERS_STRING_CATALOGS = YES;
				MTL_ENABLE_DEBUG_INFO = NO;
				MTL_FAST_MATH = YES;
				SDKROOT = iphoneos;
				SWIFT_COMPILATION_MODE = wholemodule;
				VALIDATE_PRODUCT = YES;
			};
			name = Release;
		};
/* End XCBuildConfiguration section */

/* Begin XCConfigurationList section */
		E2C1D7332DD522BD00F76113 /* Build configuration list for PBXProject "SpaceX" */ = {
			isa = XCConfigurationList;
			buildConfigurations = (
				E2C1D74E2DD522BE00F76113 /* Debug */,
				E2C1D74F2DD522BE00F76113 /* Release */,
			);
			defaultConfigurationIsVisible = 0;
			defaultConfigurationName = Release;
		};
		E2C1D74B2DD522BE00F76113 /* Build configuration list for PBXNativeTarget "SpaceX" */ = {
			isa = XCConfigurationList;
			buildConfigurations = (
				E2C1D74C2DD522BE00F76113 /* Debug */,
				E2C1D74D2DD522BE00F76113 /* Release */,
			);
			defaultConfigurationIsVisible = 0;
			defaultConfigurationName = Release;
		};
/* End XCConfigurationList section */

/* Begin XCRemoteSwiftPackageReference section */
		E2C1D7CA2DD6262500F76113 /* XCRemoteSwiftPackageReference "Swinject" */ = {
			isa = XCRemoteSwiftPackageReference;
			repositoryURL = "https://github.com/Swinject/Swinject";
			requirement = {
				kind = upToNextMajorVersion;
				minimumVersion = 2.9.1;
			};
		};
		E2C1D7CD2DD6263000F76113 /* XCRemoteSwiftPackageReference "SwinjectAutoregistration" */ = {
			isa = XCRemoteSwiftPackageReference;
			repositoryURL = "https://github.com/Swinject/SwinjectAutoregistration";
			requirement = {
				kind = upToNextMajorVersion;
				minimumVersion = 2.9.1;
			};
		};
		E2C1D7D02DD6265400F76113 /* XCRemoteSwiftPackageReference "FTAPIKit" */ = {
			isa = XCRemoteSwiftPackageReference;
			repositoryURL = "https://github.com/futuredapp/FTAPIKit";
			requirement = {
				kind = upToNextMajorVersion;
				minimumVersion = 1.5.0;
			};
		};
/* End XCRemoteSwiftPackageReference section */

/* Begin XCSwiftPackageProductDependency section */
		E2C1D7CB2DD6262500F76113 /* Swinject */ = {
			isa = XCSwiftPackageProductDependency;
			package = E2C1D7CA2DD6262500F76113 /* XCRemoteSwiftPackageReference "Swinject" */;
			productName = Swinject;
		};
		E2C1D7CE2DD6263000F76113 /* SwinjectAutoregistration */ = {
			isa = XCSwiftPackageProductDependency;
			package = E2C1D7CD2DD6263000F76113 /* XCRemoteSwiftPackageReference "SwinjectAutoregistration" */;
			productName = SwinjectAutoregistration;
		};
		E2C1D7D12DD6265400F76113 /* FTAPIKit */ = {
			isa = XCSwiftPackageProductDependency;
			package = E2C1D7D02DD6265400F76113 /* XCRemoteSwiftPackageReference "FTAPIKit" */;
			productName = FTAPIKit;
		};
/* End XCSwiftPackageProductDependency section */
	};
	rootObject = E2C1D7302DD522BD00F76113 /* Project object */;
}
